
Microsoft Visual Studio Solution File, Format Version 12.00
# Visual Studio Version 16
VisualStudioVersion = 16.0.31205.134
MinimumVisualStudioVersion = 10.0.40219.1
Project("{FAE04EC0-301F-11D3-BF4B-00C04F79EFBC}") = "WebApplication2.webAPI", "WebApplication2.webAPI\WebApplication2.webAPI.csproj", "{9CF2F369-84A5-4317-8A27-943466834A3B}"
EndProject
Global
	GlobalSection(SolutionConfigurationPlatforms) = preSolution
		Debug|Any CPU = Debug|Any CPU
		Release|Any CPU = Release|Any CPU
	EndGlobalSection
	GlobalSection(ProjectConfigurationPlatforms) = postSolution
		{9CF2F369-84A5-4317-8A27-943466834A3B}.Debug|Any CPU.ActiveCfg = Debug|Any CPU
		{9CF2F369-84A5-4317-8A27-943466834A3B}.Debug|Any CPU.Build.0 = Debug|Any CPU
		{9CF2F369-84A5-4317-8A27-943466834A3B}.Release|Any CPU.ActiveCfg = Release|Any CPU
		{9CF2F369-84A5-4317-8A27-943466834A3B}.Release|Any CPU.Build.0 = Release|Any CPU
	EndGlobalSection
	GlobalSection(SolutionProperties) = preSolution
		HideSolutionNode = FALSE
	EndGlobalSection
	GlobalSection(ExtensibilityGlobals) = postSolution
		SolutionGuid = {B4B0F3D7-E901-4A02-A5DC-5119E8011FA2}
	EndGlobalSection
EndGlobal
